// !$*UTF8*$!
{
	archiveVersion = 1;
	classes = {
	};
	objectVersion = 46;
	objects = {

/* Begin PBXBuildFile section */
		7A01C3D71A92B52700905C16 /* AccountTabBarController.swift in Sources */ = {isa = PBXBuildFile; fileRef = 7A01C3D61A92B52700905C16 /* AccountTabBarController.swift */; };
		7A4F213C1AC0594C00D4AB8C /* User.swift in Sources */ = {isa = PBXBuildFile; fileRef = 7A4F213B1AC0594C00D4AB8C /* User.swift */; };
		7A4F213E1AC0595800D4AB8C /* Account.swift in Sources */ = {isa = PBXBuildFile; fileRef = 7A4F213D1AC0595800D4AB8C /* Account.swift */; };
		7A4F21401AC07FFE00D4AB8C /* AddAccountViewController.swift in Sources */ = {isa = PBXBuildFile; fileRef = 7A4F213F1AC07FFE00D4AB8C /* AddAccountViewController.swift */; };
		7A4F21421AC086AD00D4AB8C /* UserAccountsManager.swift in Sources */ = {isa = PBXBuildFile; fileRef = 7A4F21411AC086AD00D4AB8C /* UserAccountsManager.swift */; };
		7AFECF321A927101001EF48C /* AppDelegate.swift in Sources */ = {isa = PBXBuildFile; fileRef = 7AFECF311A927101001EF48C /* AppDelegate.swift */; };
		7AFECF371A927101001EF48C /* Main.storyboard in Resources */ = {isa = PBXBuildFile; fileRef = 7AFECF351A927101001EF48C /* Main.storyboard */; };
		7AFECF391A927101001EF48C /* Images.xcassets in Resources */ = {isa = PBXBuildFile; fileRef = 7AFECF381A927101001EF48C /* Images.xcassets */; };
		7AFECF3C1A927101001EF48C /* LaunchScreen.xib in Resources */ = {isa = PBXBuildFile; fileRef = 7AFECF3A1A927101001EF48C /* LaunchScreen.xib */; };
		7AFECF481A927101001EF48C /* my1passwordTests.swift in Sources */ = {isa = PBXBuildFile; fileRef = 7AFECF471A927101001EF48C /* my1passwordTests.swift */; };
		7AFECF521A927DB1001EF48C /* pass-icon.png in Resources */ = {isa = PBXBuildFile; fileRef = 7AFECF511A927DB1001EF48C /* pass-icon.png */; };
		7AFECF551A92941C001EF48C /* LoginViewController.swift in Sources */ = {isa = PBXBuildFile; fileRef = 7AFECF541A92941C001EF48C /* LoginViewController.swift */; };
		7AFECF571A92A650001EF48C /* RegisterViewController.swift in Sources */ = {isa = PBXBuildFile; fileRef = 7AFECF561A92A650001EF48C /* RegisterViewController.swift */; };
/* End PBXBuildFile section */

/* Begin PBXContainerItemProxy section */
		7AFECF421A927101001EF48C /* PBXContainerItemProxy */ = {
			isa = PBXContainerItemProxy;
			containerPortal = 7AFECF241A927101001EF48C /* Project object */;
			proxyType = 1;
			remoteGlobalIDString = 7AFECF2B1A927101001EF48C;
			remoteInfo = my1password;
		};
/* End PBXContainerItemProxy section */

/* Begin PBXFileReference section */
		7A01C3D61A92B52700905C16 /* AccountTabBarController.swift */ = {isa = PBXFileReference; fileEncoding = 4; lastKnownFileType = sourcecode.swift; path = AccountTabBarController.swift; sourceTree = "<group>"; };
		7A4F213B1AC0594C00D4AB8C /* User.swift */ = {isa = PBXFileReference; fileEncoding = 4; lastKnownFileType = sourcecode.swift; path = User.swift; sourceTree = "<group>"; };
		7A4F213D1AC0595800D4AB8C /* Account.swift */ = {isa = PBXFileReference; fileEncoding = 4; lastKnownFileType = sourcecode.swift; path = Account.swift; sourceTree = "<group>"; };
		7A4F213F1AC07FFE00D4AB8C /* AddAccountViewController.swift */ = {isa = PBXFileReference; fileEncoding = 4; lastKnownFileType = sourcecode.swift; path = AddAccountViewController.swift; sourceTree = "<group>"; };
		7A4F21411AC086AD00D4AB8C /* UserAccountsManager.swift */ = {isa = PBXFileReference; fileEncoding = 4; lastKnownFileType = sourcecode.swift; path = UserAccountsManager.swift; sourceTree = "<group>"; };
		7AFECF2C1A927101001EF48C /* my1password.app */ = {isa = PBXFileReference; explicitFileType = wrapper.application; includeInIndex = 0; path = my1password.app; sourceTree = BUILT_PRODUCTS_DIR; };
		7AFECF301A927101001EF48C /* Info.plist */ = {isa = PBXFileReference; lastKnownFileType = text.plist.xml; path = Info.plist; sourceTree = "<group>"; };
		7AFECF311A927101001EF48C /* AppDelegate.swift */ = {isa = PBXFileReference; lastKnownFileType = sourcecode.swift; path = AppDelegate.swift; sourceTree = "<group>"; };
		7AFECF361A927101001EF48C /* Base */ = {isa = PBXFileReference; lastKnownFileType = file.storyboard; name = Base; path = Base.lproj/Main.storyboard; sourceTree = "<group>"; };
		7AFECF381A927101001EF48C /* Images.xcassets */ = {isa = PBXFileReference; lastKnownFileType = folder.assetcatalog; path = Images.xcassets; sourceTree = "<group>"; };
		7AFECF3B1A927101001EF48C /* Base */ = {isa = PBXFileReference; lastKnownFileType = file.xib; name = Base; path = Base.lproj/LaunchScreen.xib; sourceTree = "<group>"; };
		7AFECF411A927101001EF48C /* my1passwordTests.xctest */ = {isa = PBXFileReference; explicitFileType = wrapper.cfbundle; includeInIndex = 0; path = my1passwordTests.xctest; sourceTree = BUILT_PRODUCTS_DIR; };
		7AFECF461A927101001EF48C /* Info.plist */ = {isa = PBXFileReference; lastKnownFileType = text.plist.xml; path = Info.plist; sourceTree = "<group>"; };
		7AFECF471A927101001EF48C /* my1passwordTests.swift */ = {isa = PBXFileReference; lastKnownFileType = sourcecode.swift; path = my1passwordTests.swift; sourceTree = "<group>"; };
		7AFECF511A927DB1001EF48C /* pass-icon.png */ = {isa = PBXFileReference; lastKnownFileType = image.png; name = "pass-icon.png"; path = "Resources/pass-icon.png"; sourceTree = SOURCE_ROOT; };
		7AFECF541A92941C001EF48C /* LoginViewController.swift */ = {isa = PBXFileReference; fileEncoding = 4; lastKnownFileType = sourcecode.swift; path = LoginViewController.swift; sourceTree = "<group>"; };
		7AFECF561A92A650001EF48C /* RegisterViewController.swift */ = {isa = PBXFileReference; fileEncoding = 4; lastKnownFileType = sourcecode.swift; path = RegisterViewController.swift; sourceTree = "<group>"; };
/* End PBXFileReference section */

/* Begin PBXFrameworksBuildPhase section */
		7AFECF291A927101001EF48C /* Frameworks */ = {
			isa = PBXFrameworksBuildPhase;
			buildActionMask = 2147483647;
			files = (
			);
			runOnlyForDeploymentPostprocessing = 0;
		};
		7AFECF3E1A927101001EF48C /* Frameworks */ = {
			isa = PBXFrameworksBuildPhase;
			buildActionMask = 2147483647;
			files = (
			);
			runOnlyForDeploymentPostprocessing = 0;
		};
/* End PBXFrameworksBuildPhase section */

/* Begin PBXGroup section */
		7A4F213A1AC0593E00D4AB8C /* Models */ = {
			isa = PBXGroup;
			children = (
				7A4F213B1AC0594C00D4AB8C /* User.swift */,
				7A4F213D1AC0595800D4AB8C /* Account.swift */,
			);
			name = Models;
			sourceTree = "<group>";
		};
		7AFECF231A927101001EF48C = {
			isa = PBXGroup;
			children = (
				7AFECF2E1A927101001EF48C /* my1password */,
				7AFECF441A927101001EF48C /* my1passwordTests */,
				7AFECF2D1A927101001EF48C /* Products */,
			);
			sourceTree = "<group>";
		};
		7AFECF2D1A927101001EF48C /* Products */ = {
			isa = PBXGroup;
			children = (
				7AFECF2C1A927101001EF48C /* my1password.app */,
				7AFECF411A927101001EF48C /* my1passwordTests.xctest */,
			);
			name = Products;
			sourceTree = "<group>";
		};
		7AFECF2E1A927101001EF48C /* my1password */ = {
			isa = PBXGroup;
			children = (
				7A4F213A1AC0593E00D4AB8C /* Models */,
				7AFECF531A9293FC001EF48C /* Controllers */,
				7AFECF311A927101001EF48C /* AppDelegate.swift */,
				7AFECF351A927101001EF48C /* Main.storyboard */,
				7AFECF381A927101001EF48C /* Images.xcassets */,
				7AFECF3A1A927101001EF48C /* LaunchScreen.xib */,
				7AFECF511A927DB1001EF48C /* pass-icon.png */,
				7AFECF2F1A927101001EF48C /* Supporting Files */,
			);
			path = my1password;
			sourceTree = "<group>";
		};
		7AFECF2F1A927101001EF48C /* Supporting Files */ = {
			isa = PBXGroup;
			children = (
				7AFECF301A927101001EF48C /* Info.plist */,
			);
			name = "Supporting Files";
			sourceTree = "<group>";
		};
		7AFECF441A927101001EF48C /* my1passwordTests */ = {
			isa = PBXGroup;
			children = (
				7AFECF471A927101001EF48C /* my1passwordTests.swift */,
				7AFECF451A927101001EF48C /* Supporting Files */,
			);
			path = my1passwordTests;
			sourceTree = "<group>";
		};
		7AFECF451A927101001EF48C /* Supporting Files */ = {
			isa = PBXGroup;
			children = (
				7AFECF461A927101001EF48C /* Info.plist */,
			);
			name = "Supporting Files";
			sourceTree = "<group>";
		};
		7AFECF531A9293FC001EF48C /* Controllers */ = {
			isa = PBXGroup;
			children = (
				7AFECF541A92941C001EF48C /* LoginViewController.swift */,
				7AFECF561A92A650001EF48C /* RegisterViewController.swift */,
				7A01C3D61A92B52700905C16 /* AccountTabBarController.swift */,
				7A4F213F1AC07FFE00D4AB8C /* AddAccountViewController.swift */,
				7A4F21411AC086AD00D4AB8C /* UserAccountsManager.swift */,
			);
			name = Controllers;
			sourceTree = "<group>";
		};
/* End PBXGroup section */

/* Begin PBXNativeTarget section */
		7AFECF2B1A927101001EF48C /* my1password */ = {
			isa = PBXNativeTarget;
			buildConfigurationList = 7AFECF4B1A927101001EF48C /* Build configuration list for PBXNativeTarget "my1password" */;
			buildPhases = (
				7AFECF281A927101001EF48C /* Sources */,
				7AFECF291A927101001EF48C /* Frameworks */,
				7AFECF2A1A927101001EF48C /* Resources */,
			);
			buildRules = (
			);
			dependencies = (
			);
			name = my1password;
			productName = my1password;
			productReference = 7AFECF2C1A927101001EF48C /* my1password.app */;
			productType = "com.apple.product-type.application";
		};
		7AFECF401A927101001EF48C /* my1passwordTests */ = {
			isa = PBXNativeTarget;
			buildConfigurationList = 7AFECF4E1A927101001EF48C /* Build configuration list for PBXNativeTarget "my1passwordTests" */;
			buildPhases = (
				7AFECF3D1A927101001EF48C /* Sources */,
				7AFECF3E1A927101001EF48C /* Frameworks */,
				7AFECF3F1A927101001EF48C /* Resources */,
			);
			buildRules = (
			);
			dependencies = (
				7AFECF431A927101001EF48C /* PBXTargetDependency */,
			);
			name = my1passwordTests;
			productName = my1passwordTests;
			productReference = 7AFECF411A927101001EF48C /* my1passwordTests.xctest */;
			productType = "com.apple.product-type.bundle.unit-test";
		};
/* End PBXNativeTarget section */

/* Begin PBXProject section */
		7AFECF241A927101001EF48C /* Project object */ = {
			isa = PBXProject;
			attributes = {
				LastUpgradeCheck = 0610;
				ORGANIZATIONNAME = "Adriana Pineda";
				TargetAttributes = {
					7AFECF2B1A927101001EF48C = {
						CreatedOnToolsVersion = 6.1.1;
					};
					7AFECF401A927101001EF48C = {
						CreatedOnToolsVersion = 6.1.1;
						TestTargetID = 7AFECF2B1A927101001EF48C;
					};
				};
			};
			buildConfigurationList = 7AFECF271A927101001EF48C /* Build configuration list for PBXProject "my1password" */;
			compatibilityVersion = "Xcode 3.2";
			developmentRegion = English;
			hasScannedForEncodings = 0;
			knownRegions = (
				en,
				Base,
			);
			mainGroup = 7AFECF231A927101001EF48C;
			productRefGroup = 7AFECF2D1A927101001EF48C /* Products */;
			projectDirPath = "";
			projectRoot = "";
			targets = (
				7AFECF2B1A927101001EF48C /* my1password */,
				7AFECF401A927101001EF48C /* my1passwordTests */,
			);
		};
/* End PBXProject section */

/* Begin PBXResourcesBuildPhase section */
		7AFECF2A1A927101001EF48C /* Resources */ = {
			isa = PBXResourcesBuildPhase;
			buildActionMask = 2147483647;
			files = (
				7AFECF371A927101001EF48C /* Main.storyboard in Resources */,
				7AFECF521A927DB1001EF48C /* pass-icon.png in Resources */,
				7AFECF3C1A927101001EF48C /* LaunchScreen.xib in Resources */,
				7AFECF391A927101001EF48C /* Images.xcassets in Resources */,
			);
			runOnlyForDeploymentPostprocessing = 0;
		};
		7AFECF3F1A927101001EF48C /* Resources */ = {
			isa = PBXResourcesBuildPhase;
			buildActionMask = 2147483647;
			files = (
			);
			runOnlyForDeploymentPostprocessing = 0;
		};
/* End PBXResourcesBuildPhase section */

/* Begin PBXSourcesBuildPhase section */
		7AFECF281A927101001EF48C /* Sources */ = {
			isa = PBXSourcesBuildPhase;
			buildActionMask = 2147483647;
			files = (
				7AFECF571A92A650001EF48C /* RegisterViewController.swift in Sources */,
				7A4F21401AC07FFE00D4AB8C /* AddAccountViewController.swift in Sources */,
				7A01C3D71A92B52700905C16 /* AccountTabBarController.swift in Sources */,
				7AFECF551A92941C001EF48C /* LoginViewController.swift in Sources */,
				7A4F213C1AC0594C00D4AB8C /* User.swift in Sources */,
				7AFECF321A927101001EF48C /* AppDelegate.swift in Sources */,
				7A4F21421AC086AD00D4AB8C /* UserAccountsManager.swift in Sources */,
				7A4F213E1AC0595800D4AB8C /* Account.swift in Sources */,
			);
			runOnlyForDeploymentPostprocessing = 0;
		};
		7AFECF3D1A927101001EF48C /* Sources */ = {
			isa = PBXSourcesBuildPhase;
			buildActionMask = 2147483647;
			files = (
				7AFECF481A927101001EF48C /* my1passwordTests.swift in Sources */,
			);
			runOnlyForDeploymentPostprocessing = 0;
		};
/* End PBXSourcesBuildPhase section */

/* Begin PBXTargetDependency section */
		7AFECF431A927101001EF48C /* PBXTargetDependency */ = {
			isa = PBXTargetDependency;
			target = 7AFECF2B1A927101001EF48C /* my1password */;
			targetProxy = 7AFECF421A927101001EF48C /* PBXContainerItemProxy */;
		};
/* End PBXTargetDependency section */

/* Begin PBXVariantGroup section */
		7AFECF351A927101001EF48C /* Main.storyboard */ = {
			isa = PBXVariantGroup;
			children = (
				7AFECF361A927101001EF48C /* Base */,
			);
			name = Main.storyboard;
			sourceTree = "<group>";
		};
		7AFECF3A1A927101001EF48C /* LaunchScreen.xib */ = {
			isa = PBXVariantGroup;
			children = (
				7AFECF3B1A927101001EF48C /* Base */,
			);
			name = LaunchScreen.xib;
			sourceTree = "<group>";
		};
/* End PBXVariantGroup section */

/* Begin XCBuildConfiguration section */
		7AFECF491A927101001EF48C /* Debug */ = {
			isa = XCBuildConfiguration;
			buildSettings = {
				ALWAYS_SEARCH_USER_PATHS = NO;
				CLANG_CXX_LANGUAGE_STANDARD = "gnu++0x";
				CLANG_CXX_LIBRARY = "libc++";
				CLANG_ENABLE_MODULES = YES;
				CLANG_ENABLE_OBJC_ARC = YES;
				CLANG_WARN_BOOL_CONVERSION = YES;
				CLANG_WARN_CONSTANT_CONVERSION = YES;
				CLANG_WARN_DIRECT_OBJC_ISA_USAGE = YES_ERROR;
				CLANG_WARN_EMPTY_BODY = YES;
				CLANG_WARN_ENUM_CONVERSION = YES;
				CLANG_WARN_INT_CONVERSION = YES;
				CLANG_WARN_OBJC_ROOT_CLASS = YES_ERROR;
				CLANG_WARN_UNREACHABLE_CODE = YES;
				CLANG_WARN__DUPLICATE_METHOD_MATCH = YES;
				"CODE_SIGN_IDENTITY[sdk=iphoneos*]" = "iPhone Developer";
				COPY_PHASE_STRIP = NO;
				ENABLE_STRICT_OBJC_MSGSEND = YES;
				GCC_C_LANGUAGE_STANDARD = gnu99;
				GCC_DYNAMIC_NO_PIC = NO;
				GCC_OPTIMIZATION_LEVEL = 0;
				GCC_PREPROCESSOR_DEFINITIONS = (
					"DEBUG=1",
					"$(inherited)",
				);
				GCC_SYMBOLS_PRIVATE_EXTERN = NO;
				GCC_WARN_64_TO_32_BIT_CONVERSION = YES;
				GCC_WARN_ABOUT_RETURN_TYPE = YES_ERROR;
				GCC_WARN_UNDECLARED_SELECTOR = YES;
				GCC_WARN_UNINITIALIZED_AUTOS = YES_AGGRESSIVE;
				GCC_WARN_UNUSED_FUNCTION = YES;
				GCC_WARN_UNUSED_VARIABLE = YES;
				IPHONEOS_DEPLOYMENT_TARGET = 8.1;
				MTL_ENABLE_DEBUG_INFO = YES;
				ONLY_ACTIVE_ARCH = YES;
				SDKROOT = iphoneos;
				SWIFT_OPTIMIZATION_LEVEL = "-Onone";
			};
			name = Debug;
		};
		7AFECF4A1A927101001EF48C /* Release */ = {
			isa = XCBuildConfiguration;
			buildSettings = {
				ALWAYS_SEARCH_USER_PATHS = NO;
				CLANG_CXX_LANGUAGE_STANDARD = "gnu++0x";
				CLANG_CXX_LIBRARY = "libc++";
				CLANG_ENABLE_MODULES = YES;
				CLANG_ENABLE_OBJC_ARC = YES;
				CLANG_WARN_BOOL_CONVERSION = YES;
				CLANG_WARN_CONSTANT_CONVERSION = YES;
				CLANG_WARN_DIRECT_OBJC_ISA_USAGE = YES_ERROR;
				CLANG_WARN_EMPTY_BODY = YES;
				CLANG_WARN_ENUM_CONVERSION = YES;
				CLANG_WARN_INT_CONVERSION = YES;
				CLANG_WARN_OBJC_ROOT_CLASS = YES_ERROR;
				CLANG_WARN_UNREACHABLE_CODE = YES;
				CLANG_WARN__DUPLICATE_METHOD_MATCH = YES;
				"CODE_SIGN_IDENTITY[sdk=iphoneos*]" = "iPhone Developer";
				COPY_PHASE_STRIP = YES;
				ENABLE_NS_ASSERTIONS = NO;
				ENABLE_STRICT_OBJC_MSGSEND = YES;
				GCC_C_LANGUAGE_STANDARD = gnu99;
				GCC_WARN_64_TO_32_BIT_CONVERSION = YES;
				GCC_WARN_ABOUT_RETURN_TYPE = YES_ERROR;
				GCC_WARN_UNDECLARED_SELECTOR = YES;
				GCC_WARN_UNINITIALIZED_AUTOS = YES_AGGRESSIVE;
				GCC_WARN_UNUSED_FUNCTION = YES;
				GCC_WARN_UNUSED_VARIABLE = YES;
				IPHONEOS_DEPLOYMENT_TARGET = 8.1;
				MTL_ENABLE_DEBUG_INFO = NO;
				SDKROOT = iphoneos;
				VALIDATE_PRODUCT = YES;
			};
			name = Release;
		};
		7AFECF4C1A927101001EF48C /* Debug */ = {
			isa = XCBuildConfiguration;
			buildSettings = {
				ASSETCATALOG_COMPILER_APPICON_NAME = AppIcon;
				INFOPLIST_FILE = my1password/Info.plist;
				LD_RUNPATH_SEARCH_PATHS = "$(inherited) @executable_path/Frameworks";
				PRODUCT_NAME = "$(TARGET_NAME)";
				TARGETED_DEVICE_FAMILY = "1,2";
			};
			name = Debug;
		};
		7AFECF4D1A927101001EF48C /* Release */ = {
			isa = XCBuildConfiguration;
			buildSettings = {
				ASSETCATALOG_COMPILER_APPICON_NAME = AppIcon;
				INFOPLIST_FILE = my1password/Info.plist;
				LD_RUNPATH_SEARCH_PATHS = "$(inherited) @executable_path/Frameworks";
				PRODUCT_NAME = "$(TARGET_NAME)";
				TARGETED_DEVICE_FAMILY = "1,2";
			};
			name = Release;
		};
		7AFECF4F1A927101001EF48C /* Debug */ = {
			isa = XCBuildConfiguration;
			buildSettings = {
				BUNDLE_LOADER = "$(TEST_HOST)";
				FRAMEWORK_SEARCH_PATHS = (
					"$(SDKROOT)/Developer/Library/Frameworks",
					"$(inherited)",
				);
				GCC_PREPROCESSOR_DEFINITIONS = (
					"DEBUG=1",
					"$(inherited)",
				);
				INFOPLIST_FILE = my1passwordTests/Info.plist;
				LD_RUNPATH_SEARCH_PATHS = "$(inherited) @executable_path/Frameworks @loader_path/Frameworks";
				PRODUCT_NAME = "$(TARGET_NAME)";
				TEST_HOST = "$(BUILT_PRODUCTS_DIR)/my1password.app/my1password";
			};
			name = Debug;
		};
		7AFECF501A927101001EF48C /* Release */ = {
			isa = XCBuildConfiguration;
			buildSettings = {
				BUNDLE_LOADER = "$(TEST_HOST)";
				FRAMEWORK_SEARCH_PATHS = (
					"$(SDKROOT)/Developer/Library/Frameworks",
					"$(inherited)",
				);
				INFOPLIST_FILE = my1passwordTests/Info.plist;
				LD_RUNPATH_SEARCH_PATHS = "$(inherited) @executable_path/Frameworks @loader_path/Frameworks";
				PRODUCT_NAME = "$(TARGET_NAME)";
				TEST_HOST = "$(BUILT_PRODUCTS_DIR)/my1password.app/my1password";
			};
			name = Release;
		};
/* End XCBuildConfiguration section */

/* Begin XCConfigurationList section */
		7AFECF271A927101001EF48C /* Build configuration list for PBXProject "my1password" */ = {
			isa = XCConfigurationList;
			buildConfigurations = (
				7AFECF491A927101001EF48C /* Debug */,
				7AFECF4A1A927101001EF48C /* Release */,
			);
			defaultConfigurationIsVisible = 0;
			defaultConfigurationName = Release;
		};
		7AFECF4B1A927101001EF48C /* Build configuration list for PBXNativeTarget "my1password" */ = {
			isa = XCConfigurationList;
			buildConfigurations = (
				7AFECF4C1A927101001EF48C /* Debug */,
				7AFECF4D1A927101001EF48C /* Release */,
			);
			defaultConfigurationIsVisible = 0;
			defaultConfigurationName = Release;
		};
		7AFECF4E1A927101001EF48C /* Build configuration list for PBXNativeTarget "my1passwordTests" */ = {
			isa = XCConfigurationList;
			buildConfigurations = (
				7AFECF4F1A927101001EF48C /* Debug */,
				7AFECF501A927101001EF48C /* Release */,
			);
			defaultConfigurationIsVisible = 0;
			defaultConfigurationName = Release;
		};
/* End XCConfigurationList section */
	};
	rootObject = 7AFECF241A927101001EF48C /* Project object */;
}
